// !$*UTF8*$!
{
	archiveVersion = 1;
	classes = {
	};
	objectVersion = 50;
	objects = {

/* Begin PBXBuildFile section */
		4704AD7221392143007CB524 /* MenuViewController.swift in Sources */ = {isa = PBXBuildFile; fileRef = 4704AD7121392142007CB524 /* MenuViewController.swift */; };
		4711165B2136779A00878A64 /* Search.swift in Sources */ = {isa = PBXBuildFile; fileRef = 4711165A2136779A00878A64 /* Search.swift */; };
		4711165E2137DD3200878A64 /* NothingFoundCell.xib in Resources */ = {isa = PBXBuildFile; fileRef = 471116602137DD3200878A64 /* NothingFoundCell.xib */; };
		471116622137E09F00878A64 /* LoadingCell.xib in Resources */ = {isa = PBXBuildFile; fileRef = 471116642137E09F00878A64 /* LoadingCell.xib */; };
		471116692137E46500878A64 /* SearchResultCell.xib in Resources */ = {isa = PBXBuildFile; fileRef = 4711166B2137E46500878A64 /* SearchResultCell.xib */; };
		4711166E2137EA9600878A64 /* Localizable.strings in Resources */ = {isa = PBXBuildFile; fileRef = 471116702137EA9600878A64 /* Localizable.strings */; };
		471116742137FBD200878A64 /* InfoPlist.strings in Resources */ = {isa = PBXBuildFile; fileRef = 471116762137FBD200878A64 /* InfoPlist.strings */; };
		475BD66F2133F2150087839B /* UIImageView+DownloadImage.swift in Sources */ = {isa = PBXBuildFile; fileRef = 475BD66E2133F2150087839B /* UIImageView+DownloadImage.swift */; };
		475BD671213413B80087839B /* DetailViewController.swift in Sources */ = {isa = PBXBuildFile; fileRef = 475BD670213413B80087839B /* DetailViewController.swift */; };
		475BD6732134197E0087839B /* DimmingPresentationController.swift in Sources */ = {isa = PBXBuildFile; fileRef = 475BD6722134197E0087839B /* DimmingPresentationController.swift */; };
		475BD6792135448D0087839B /* LandscapeViewController.swift in Sources */ = {isa = PBXBuildFile; fileRef = 475BD6782135448D0087839B /* LandscapeViewController.swift */; };
		479421EF212EA50C00425A37 /* AppDelegate.swift in Sources */ = {isa = PBXBuildFile; fileRef = 479421EE212EA50C00425A37 /* AppDelegate.swift */; };
		479421F1212EA50C00425A37 /* SearchViewController.swift in Sources */ = {isa = PBXBuildFile; fileRef = 479421F0212EA50C00425A37 /* SearchViewController.swift */; };
		479421F4212EA50C00425A37 /* Main.storyboard in Resources */ = {isa = PBXBuildFile; fileRef = 479421F2212EA50C00425A37 /* Main.storyboard */; };
		479421F6212EA50C00425A37 /* Assets.xcassets in Resources */ = {isa = PBXBuildFile; fileRef = 479421F5212EA50C00425A37 /* Assets.xcassets */; };
		47942201212EE44200425A37 /* SearchResult.swift in Sources */ = {isa = PBXBuildFile; fileRef = 47942200212EE44200425A37 /* SearchResult.swift */; };
		47F2EFB7212FE626008148FC /* SearchResultCell.swift in Sources */ = {isa = PBXBuildFile; fileRef = 47F2EFB6212FE626008148FC /* SearchResultCell.swift */; };
/* End PBXBuildFile section */

/* Begin PBXFileReference section */
		4704AD7121392142007CB524 /* MenuViewController.swift */ = {isa = PBXFileReference; lastKnownFileType = sourcecode.swift; path = MenuViewController.swift; sourceTree = "<group>"; };
		4711165A2136779A00878A64 /* Search.swift */ = {isa = PBXFileReference; lastKnownFileType = sourcecode.swift; path = Search.swift; sourceTree = "<group>"; };
		4711165F2137DD3200878A64 /* en */ = {isa = PBXFileReference; lastKnownFileType = file.xib; name = en; path = en.lproj/NothingFoundCell.xib; sourceTree = "<group>"; };
		471116612137DE3800878A64 /* nl */ = {isa = PBXFileReference; lastKnownFileType = file.xib; name = nl; path = nl.lproj/NothingFoundCell.xib; sourceTree = "<group>"; };
		471116632137E09F00878A64 /* Base */ = {isa = PBXFileReference; lastKnownFileType = file.xib; name = Base; path = Base.lproj/LoadingCell.xib; sourceTree = "<group>"; };
		471116662137E0E400878A64 /* nl */ = {isa = PBXFileReference; lastKnownFileType = text.plist.strings; name = nl; path = nl.lproj/LoadingCell.strings; sourceTree = "<group>"; };
		471116682137E2C100878A64 /* nl */ = {isa = PBXFileReference; lastKnownFileType = text.plist.strings; name = nl; path = nl.lproj/Main.strings; sourceTree = "<group>"; };
		4711166A2137E46500878A64 /* Base */ = {isa = PBXFileReference; lastKnownFileType = file.xib; name = Base; path = Base.lproj/SearchResultCell.xib; sourceTree = "<group>"; };
		4711166F2137EA9600878A64 /* en */ = {isa = PBXFileReference; lastKnownFileType = text.plist.strings; name = en; path = en.lproj/Localizable.strings; sourceTree = "<group>"; };
		471116712137EBC100878A64 /* nl */ = {isa = PBXFileReference; lastKnownFileType = text.plist.strings; name = nl; path = nl.lproj/Localizable.strings; sourceTree = "<group>"; };
		471116752137FBD200878A64 /* en */ = {isa = PBXFileReference; lastKnownFileType = text.plist.strings; name = en; path = en.lproj/InfoPlist.strings; sourceTree = "<group>"; };
		471116772137FBD600878A64 /* nl */ = {isa = PBXFileReference; lastKnownFileType = text.plist.strings; name = nl; path = nl.lproj/InfoPlist.strings; sourceTree = "<group>"; };
		475BD66E2133F2150087839B /* UIImageView+DownloadImage.swift */ = {isa = PBXFileReference; lastKnownFileType = sourcecode.swift; path = "UIImageView+DownloadImage.swift"; sourceTree = "<group>"; };
		475BD670213413B80087839B /* DetailViewController.swift */ = {isa = PBXFileReference; lastKnownFileType = sourcecode.swift; path = DetailViewController.swift; sourceTree = "<group>"; };
		475BD6722134197E0087839B /* DimmingPresentationController.swift */ = {isa = PBXFileReference; lastKnownFileType = sourcecode.swift; path = DimmingPresentationController.swift; sourceTree = "<group>"; };
		475BD6782135448D0087839B /* LandscapeViewController.swift */ = {isa = PBXFileReference; lastKnownFileType = sourcecode.swift; path = LandscapeViewController.swift; sourceTree = "<group>"; };
		479421EB212EA50C00425A37 /* StoreSearch.app */ = {isa = PBXFileReference; explicitFileType = wrapper.application; includeInIndex = 0; path = StoreSearch.app; sourceTree = BUILT_PRODUCTS_DIR; };
		479421EE212EA50C00425A37 /* AppDelegate.swift */ = {isa = PBXFileReference; lastKnownFileType = sourcecode.swift; path = AppDelegate.swift; sourceTree = "<group>"; };
		479421F0212EA50C00425A37 /* SearchViewController.swift */ = {isa = PBXFileReference; lastKnownFileType = sourcecode.swift; path = SearchViewController.swift; sourceTree = "<group>"; };
		479421F3212EA50C00425A37 /* Base */ = {isa = PBXFileReference; lastKnownFileType = file.storyboard; name = Base; path = Base.lproj/Main.storyboard; sourceTree = "<group>"; };
		479421F5212EA50C00425A37 /* Assets.xcassets */ = {isa = PBXFileReference; lastKnownFileType = folder.assetcatalog; path = Assets.xcassets; sourceTree = "<group>"; };
		479421FA212EA50C00425A37 /* Info.plist */ = {isa = PBXFileReference; lastKnownFileType = text.plist.xml; path = Info.plist; sourceTree = "<group>"; };
		47942200212EE44200425A37 /* SearchResult.swift */ = {isa = PBXFileReference; lastKnownFileType = sourcecode.swift; path = SearchResult.swift; sourceTree = "<group>"; };
		47F2EFB6212FE626008148FC /* SearchResultCell.swift */ = {isa = PBXFileReference; lastKnownFileType = sourcecode.swift; path = SearchResultCell.swift; sourceTree = "<group>"; };
/* End PBXFileReference section */

/* Begin PBXFrameworksBuildPhase section */
		479421E8212EA50C00425A37 /* Frameworks */ = {
			isa = PBXFrameworksBuildPhase;
			buildActionMask = 2147483647;
			files = (
			);
			runOnlyForDeploymentPostprocessing = 0;
		};
/* End PBXFrameworksBuildPhase section */

/* Begin PBXGroup section */
		479421E2212EA50C00425A37 = {
			isa = PBXGroup;
			children = (
				479421ED212EA50C00425A37 /* StoreSearch */,
				479421EC212EA50C00425A37 /* Products */,
			);
			sourceTree = "<group>";
		};
		479421EC212EA50C00425A37 /* Products */ = {
			isa = PBXGroup;
			children = (
				479421EB212EA50C00425A37 /* StoreSearch.app */,
			);
			name = Products;
			sourceTree = "<group>";
		};
		479421ED212EA50C00425A37 /* StoreSearch */ = {
			isa = PBXGroup;
			children = (
				479421EE212EA50C00425A37 /* AppDelegate.swift */,
				479421F5212EA50C00425A37 /* Assets.xcassets */,
				475BD670213413B80087839B /* DetailViewController.swift */,
				475BD6722134197E0087839B /* DimmingPresentationController.swift */,
				479421FA212EA50C00425A37 /* Info.plist */,
				471116762137FBD200878A64 /* InfoPlist.strings */,
				475BD6782135448D0087839B /* LandscapeViewController.swift */,
				471116642137E09F00878A64 /* LoadingCell.xib */,
				471116702137EA9600878A64 /* Localizable.strings */,
				479421F2212EA50C00425A37 /* Main.storyboard */,
				4704AD7121392142007CB524 /* MenuViewController.swift */,
				471116602137DD3200878A64 /* NothingFoundCell.xib */,
				4711165A2136779A00878A64 /* Search.swift */,
				47942200212EE44200425A37 /* SearchResult.swift */,
				47F2EFB6212FE626008148FC /* SearchResultCell.swift */,
				4711166B2137E46500878A64 /* SearchResultCell.xib */,
				479421F0212EA50C00425A37 /* SearchViewController.swift */,
				475BD66E2133F2150087839B /* UIImageView+DownloadImage.swift */,
			);
			path = StoreSearch;
			sourceTree = "<group>";
		};
/* End PBXGroup section */

/* Begin PBXNativeTarget section */
		479421EA212EA50C00425A37 /* StoreSearch */ = {
			isa = PBXNativeTarget;
			buildConfigurationList = 479421FD212EA50C00425A37 /* Build configuration list for PBXNativeTarget "StoreSearch" */;
			buildPhases = (
				479421E7212EA50C00425A37 /* Sources */,
				479421E8212EA50C00425A37 /* Frameworks */,
				479421E9212EA50C00425A37 /* Resources */,
			);
			buildRules = (
			);
			dependencies = (
			);
			name = StoreSearch;
			productName = StoreSearch;
			productReference = 479421EB212EA50C00425A37 /* StoreSearch.app */;
			productType = "com.apple.product-type.application";
		};
/* End PBXNativeTarget section */

/* Begin PBXProject section */
		479421E3212EA50C00425A37 /* Project object */ = {
			isa = PBXProject;
			attributes = {
				LastSwiftUpdateCheck = 0940;
				LastUpgradeCheck = 0940;
				ORGANIZATIONNAME = "Mihaela Simion";
				TargetAttributes = {
					479421EA212EA50C00425A37 = {
						CreatedOnToolsVersion = 9.4.1;
					};
				};
			};
			buildConfigurationList = 479421E6212EA50C00425A37 /* Build configuration list for PBXProject "StoreSearch" */;
			compatibilityVersion = "Xcode 9.3";
			developmentRegion = en;
			hasScannedForEncodings = 0;
			knownRegions = (
				en,
				Base,
				nl,
			);
			mainGroup = 479421E2212EA50C00425A37;
			productRefGroup = 479421EC212EA50C00425A37 /* Products */;
			projectDirPath = "";
			projectRoot = "";
			targets = (
				479421EA212EA50C00425A37 /* StoreSearch */,
			);
		};
/* End PBXProject section */

/* Begin PBXResourcesBuildPhase section */
		479421E9212EA50C00425A37 /* Resources */ = {
			isa = PBXResourcesBuildPhase;
			buildActionMask = 2147483647;
			files = (
				479421F6212EA50C00425A37 /* Assets.xcassets in Resources */,
				471116742137FBD200878A64 /* InfoPlist.strings in Resources */,
				4711166E2137EA9600878A64 /* Localizable.strings in Resources */,
				471116622137E09F00878A64 /* LoadingCell.xib in Resources */,
				471116692137E46500878A64 /* SearchResultCell.xib in Resources */,
				4711165E2137DD3200878A64 /* NothingFoundCell.xib in Resources */,
				479421F4212EA50C00425A37 /* Main.storyboard in Resources */,
			);
			runOnlyForDeploymentPostprocessing = 0;
		};
/* End PBXResourcesBuildPhase section */

/* Begin PBXSourcesBuildPhase section */
		479421E7212EA50C00425A37 /* Sources */ = {
			isa = PBXSourcesBuildPhase;
			buildActionMask = 2147483647;
			files = (
				4711165B2136779A00878A64 /* Search.swift in Sources */,
				4704AD7221392143007CB524 /* MenuViewController.swift in Sources */,
				479421F1212EA50C00425A37 /* SearchViewController.swift in Sources */,
				475BD6732134197E0087839B /* DimmingPresentationController.swift in Sources */,
				475BD6792135448D0087839B /* LandscapeViewController.swift in Sources */,
				47942201212EE44200425A37 /* SearchResult.swift in Sources */,
				47F2EFB7212FE626008148FC /* SearchResultCell.swift in Sources */,
				475BD671213413B80087839B /* DetailViewController.swift in Sources */,
				479421EF212EA50C00425A37 /* AppDelegate.swift in Sources */,
				475BD66F2133F2150087839B /* UIImageView+DownloadImage.swift in Sources */,
			);
			runOnlyForDeploymentPostprocessing = 0;
		};
/* End PBXSourcesBuildPhase section */

/* Begin PBXVariantGroup section */
		471116602137DD3200878A64 /* NothingFoundCell.xib */ = {
			isa = PBXVariantGroup;
			children = (
				4711165F2137DD3200878A64 /* en */,
				471116612137DE3800878A64 /* nl */,
			);
			name = NothingFoundCell.xib;
			sourceTree = "<group>";
		};
		471116642137E09F00878A64 /* LoadingCell.xib */ = {
			isa = PBXVariantGroup;
			children = (
				471116632137E09F00878A64 /* Base */,
				471116662137E0E400878A64 /* nl */,
			);
			name = LoadingCell.xib;
			sourceTree = "<group>";
		};
		4711166B2137E46500878A64 /* SearchResultCell.xib */ = {
			isa = PBXVariantGroup;
			children = (
				4711166A2137E46500878A64 /* Base */,
			);
			name = SearchResultCell.xib;
			sourceTree = "<group>";
		};
		471116702137EA9600878A64 /* Localizable.strings */ = {
			isa = PBXVariantGroup;
			children = (
				4711166F2137EA9600878A64 /* en */,
				471116712137EBC100878A64 /* nl */,
			);
			name = Localizable.strings;
			sourceTree = "<group>";
		};
		471116762137FBD200878A64 /* InfoPlist.strings */ = {
			isa = PBXVariantGroup;
			children = (
				471116752137FBD200878A64 /* en */,
				471116772137FBD600878A64 /* nl */,
			);
			name = InfoPlist.strings;
			sourceTree = "<group>";
		};
		479421F2212EA50C00425A37 /* Main.storyboard */ = {
			isa = PBXVariantGroup;
			children = (
				479421F3212EA50C00425A37 /* Base */,
				471116682137E2C100878A64 /* nl */,
			);
			name = Main.storyboard;
			sourceTree = "<group>";
		};
/* End PBXVariantGroup section */

/* Begin XCBuildConfiguration section */
		479421FB212EA50C00425A37 /* Debug */ = {
			isa = XCBuildConfiguration;
			buildSettings = {
				ALWAYS_SEARCH_USER_PATHS = NO;
				CLANG_ANALYZER_LOCALIZABILITY_NONLOCALIZED = YES;
				CLANG_ANALYZER_NONNULL = YES;
				CLANG_ANALYZER_NUMBER_OBJECT_CONVERSION = YES_AGGRESSIVE;
				CLANG_CXX_LANGUAGE_STANDARD = "gnu++14";
				CLANG_CXX_LIBRARY = "libc++";
				CLANG_ENABLE_MODULES = YES;
				CLANG_ENABLE_OBJC_ARC = YES;
				CLANG_ENABLE_OBJC_WEAK = YES;
				CLANG_WARN_BLOCK_CAPTURE_AUTORELEASING = YES;
				CLANG_WARN_BOOL_CONVERSION = YES;
				CLANG_WARN_COMMA = YES;
				CLANG_WARN_CONSTANT_CONVERSION = YES;
				CLANG_WARN_DEPRECATED_OBJC_IMPLEMENTATIONS = YES;
				CLANG_WARN_DIRECT_OBJC_ISA_USAGE = YES_ERROR;
				CLANG_WARN_DOCUMENTATION_COMMENTS = YES;
				CLANG_WARN_EMPTY_BODY = YES;
				CLANG_WARN_ENUM_CONVERSION = YES;
				CLANG_WARN_INFINITE_RECURSION = YES;
				CLANG_WARN_INT_CONVERSION = YES;
				CLANG_WARN_NON_LITERAL_NULL_CONVERSION = YES;
				CLANG_WARN_OBJC_IMPLICIT_RETAIN_SELF = YES;
				CLANG_WARN_OBJC_LITERAL_CONVERSION = YES;
				CLANG_WARN_OBJC_ROOT_CLASS = YES_ERROR;
				CLANG_WARN_RANGE_LOOP_ANALYSIS = YES;
				CLANG_WARN_STRICT_PROTOTYPES = YES;
				CLANG_WARN_SUSPICIOUS_MOVE = YES;
				CLANG_WARN_UNGUARDED_AVAILABILITY = YES_AGGRESSIVE;
				CLANG_WARN_UNREACHABLE_CODE = YES;
				CLANG_WARN__DUPLICATE_METHOD_MATCH = YES;
				CODE_SIGN_IDENTITY = "iPhone Developer";
				COPY_PHASE_STRIP = NO;
				DEBUG_INFORMATION_FORMAT = dwarf;
				ENABLE_STRICT_OBJC_MSGSEND = YES;
				ENABLE_TESTABILITY = YES;
				GCC_C_LANGUAGE_STANDARD = gnu11;
				GCC_DYNAMIC_NO_PIC = NO;
				GCC_NO_COMMON_BLOCKS = YES;
				GCC_OPTIMIZATION_LEVEL = 0;
				GCC_PREPROCESSOR_DEFINITIONS = (
					"DEBUG=1",
					"$(inherited)",
				);
				GCC_WARN_64_TO_32_BIT_CONVERSION = YES;
				GCC_WARN_ABOUT_RETURN_TYPE = YES_ERROR;
				GCC_WARN_UNDECLARED_SELECTOR = YES;
				GCC_WARN_UNINITIALIZED_AUTOS = YES_AGGRESSIVE;
				GCC_WARN_UNUSED_FUNCTION = YES;
				GCC_WARN_UNUSED_VARIABLE = YES;
				IPHONEOS_DEPLOYMENT_TARGET = 11.4;
				MTL_ENABLE_DEBUG_INFO = YES;
				ONLY_ACTIVE_ARCH = YES;
				SDKROOT = iphoneos;
				SWIFT_ACTIVE_COMPILATION_CONDITIONS = DEBUG;
				SWIFT_OPTIMIZATION_LEVEL = "-Onone";
			};
			name = Debug;
		};
		479421FC212EA50C00425A37 /* Release */ = {
			isa = XCBuildConfiguration;
			buildSettings = {
				ALWAYS_SEARCH_USER_PATHS = NO;
				CLANG_ANALYZER_LOCALIZABILITY_NONLOCALIZED = YES;
				CLANG_ANALYZER_NONNULL = YES;
				CLANG_ANALYZER_NUMBER_OBJECT_CONVERSION = YES_AGGRESSIVE;
				CLANG_CXX_LANGUAGE_STANDARD = "gnu++14";
				CLANG_CXX_LIBRARY = "libc++";
				CLANG_ENABLE_MODULES = YES;
				CLANG_ENABLE_OBJC_ARC = YES;
				CLANG_ENABLE_OBJC_WEAK = YES;
				CLANG_WARN_BLOCK_CAPTURE_AUTORELEASING = YES;
				CLANG_WARN_BOOL_CONVERSION = YES;
				CLANG_WARN_COMMA = YES;
				CLANG_WARN_CONSTANT_CONVERSION = YES;
				CLANG_WARN_DEPRECATED_OBJC_IMPLEMENTATIONS = YES;
				CLANG_WARN_DIRECT_OBJC_ISA_USAGE = YES_ERROR;
				CLANG_WARN_DOCUMENTATION_COMMENTS = YES;
				CLANG_WARN_EMPTY_BODY = YES;
				CLANG_WARN_ENUM_CONVERSION = YES;
				CLANG_WARN_INFINITE_RECURSION = YES;
				CLANG_WARN_INT_CONVERSION = YES;
				CLANG_WARN_NON_LITERAL_NULL_CONVERSION = YES;
				CLANG_WARN_OBJC_IMPLICIT_RETAIN_SELF = YES;
				CLANG_WARN_OBJC_LITERAL_CONVERSION = YES;
				CLANG_WARN_OBJC_ROOT_CLASS = YES_ERROR;
				CLANG_WARN_RANGE_LOOP_ANALYSIS = YES;
				CLANG_WARN_STRICT_PROTOTYPES = YES;
				CLANG_WARN_SUSPICIOUS_MOVE = YES;
				CLANG_WARN_UNGUARDED_AVAILABILITY = YES_AGGRESSIVE;
				CLANG_WARN_UNREACHABLE_CODE = YES;
				CLANG_WARN__DUPLICATE_METHOD_MATCH = YES;
				CODE_SIGN_IDENTITY = "iPhone Developer";
				COPY_PHASE_STRIP = NO;
				DEBUG_INFORMATION_FORMAT = "dwarf-with-dsym";
				ENABLE_NS_ASSERTIONS = NO;
				ENABLE_STRICT_OBJC_MSGSEND = YES;
				GCC_C_LANGUAGE_STANDARD = gnu11;
				GCC_NO_COMMON_BLOCKS = YES;
				GCC_WARN_64_TO_32_BIT_CONVERSION = YES;
				GCC_WARN_ABOUT_RETURN_TYPE = YES_ERROR;
				GCC_WARN_UNDECLARED_SELECTOR = YES;
				GCC_WARN_UNINITIALIZED_AUTOS = YES_AGGRESSIVE;
				GCC_WARN_UNUSED_FUNCTION = YES;
				GCC_WARN_UNUSED_VARIABLE = YES;
				IPHONEOS_DEPLOYMENT_TARGET = 11.4;
				MTL_ENABLE_DEBUG_INFO = NO;
				SDKROOT = iphoneos;
				SWIFT_COMPILATION_MODE = wholemodule;
				SWIFT_OPTIMIZATION_LEVEL = "-O";
				VALIDATE_PRODUCT = YES;
			};
			name = Release;
		};
		479421FE212EA50C00425A37 /* Debug */ = {
			isa = XCBuildConfiguration;
			buildSettings = {
				ASSETCATALOG_COMPILER_APPICON_NAME = AppIcon;
				CODE_SIGN_STYLE = Automatic;
				DEVELOPMENT_TEAM = 8C5P567C39;
				INFOPLIST_FILE = StoreSearch/Info.plist;
				LD_RUNPATH_SEARCH_PATHS = (
					"$(inherited)",
					"@executable_path/Frameworks",
				);
				PRODUCT_BUNDLE_IDENTIFIER = com.mihaelaSi.StoreSearch;
				PRODUCT_NAME = "$(TARGET_NAME)";
				SWIFT_VERSION = 4.0;
				TARGETED_DEVICE_FAMILY = "1,2";
			};
			name = Debug;
		};
		479421FF212EA50C00425A37 /* Release */ = {
			isa = XCBuildConfiguration;
			buildSettings = {
				ASSETCATALOG_COMPILER_APPICON_NAME = AppIcon;
				CODE_SIGN_STYLE = Automatic;
				DEVELOPMENT_TEAM = 8C5P567C39;
				INFOPLIST_FILE = StoreSearch/Info.plist;
				LD_RUNPATH_SEARCH_PATHS = (
					"$(inherited)",
					"@executable_path/Frameworks",
				);
				PRODUCT_BUNDLE_IDENTIFIER = com.mihaelaSi.StoreSearch;
				PRODUCT_NAME = "$(TARGET_NAME)";
				SWIFT_VERSION = 4.0;
				TARGETED_DEVICE_FAMILY = "1,2";
			};
			name = Release;
		};
/* End XCBuildConfiguration section */

/* Begin XCConfigurationList section */
		479421E6212EA50C00425A37 /* Build configuration list for PBXProject "StoreSearch" */ = {
			isa = XCConfigurationList;
			buildConfigurations = (
				479421FB212EA50C00425A37 /* Debug */,
				479421FC212EA50C00425A37 /* Release */,
			);
			defaultConfigurationIsVisible = 0;
			defaultConfigurationName = Release;
		};
		479421FD212EA50C00425A37 /* Build configuration list for PBXNativeTarget "StoreSearch" */ = {
			isa = XCConfigurationList;
			buildConfigurations = (
				479421FE212EA50C00425A37 /* Debug */,
				479421FF212EA50C00425A37 /* Release */,
			);
			defaultConfigurationIsVisible = 0;
			defaultConfigurationName = Release;
		};
/* End XCConfigurationList section */
	};
	rootObject = 479421E3212EA50C00425A37 /* Project object */;
}
